
Microsoft Visual Studio Solution File, Format Version 12.00
# Visual Studio Version 17
VisualStudioVersion = 17.6.33815.320
MinimumVisualStudioVersion = 10.0.40219.1
Project("{FAE04EC0-301F-11D3-BF4B-00C04F79EFBC}") = "narozeniny", "narozeniny\narozeniny.csproj", "{4B9FD98D-631F-4CC2-A8E6-8377BE1ED67B}"
EndProject
Global
	GlobalSection(SolutionConfigurationPlatforms) = preSolution
		Debug|Any CPU = Debug|Any CPU
		Release|Any CPU = Release|Any CPU
	EndGlobalSection
	GlobalSection(ProjectConfigurationPlatforms) = postSolution
		{4B9FD98D-631F-4CC2-A8E6-8377BE1ED67B}.Debug|Any CPU.ActiveCfg = Debug|Any CPU
		{4B9FD98D-631F-4CC2-A8E6-8377BE1ED67B}.Debug|Any CPU.Build.0 = Debug|Any CPU
		{4B9FD98D-631F-4CC2-A8E6-8377BE1ED67B}.Release|Any CPU.ActiveCfg = Release|Any CPU
		{4B9FD98D-631F-4CC2-A8E6-8377BE1ED67B}.Release|Any CPU.Build.0 = Release|Any CPU
	EndGlobalSection
	GlobalSection(SolutionProperties) = preSolution
		HideSolutionNode = FALSE
	EndGlobalSection
	GlobalSection(ExtensibilityGlobals) = postSolution
		SolutionGuid = {ABFC054A-608A-4DE3-9E15-C86E6FD4E652}
	EndGlobalSection
EndGlobal
